
Microsoft Visual Studio Solution File, Format Version 12.00
# Visual Studio 15
Project("{FAE04EC0-301F-11D3-BF4B-00C04F79EFBC}") = "Assembly-CSharp", "Assembly-CSharp.csproj", "{D4ED8653-9D9B-2293-F0C7-ADDF90FA7699}"
EndProject
Global
	GlobalSection(SolutionConfigurationPlatforms) = preSolution
		Debug|Any CPU = Debug|Any CPU
		Release|Any CPU = Release|Any CPU
	EndGlobalSection
	GlobalSection(ProjectConfigurationPlatforms) = postSolution
		{D4ED8653-9D9B-2293-F0C7-ADDF90FA7699}.Debug|Any CPU.ActiveCfg = Debug|Any CPU
		{D4ED8653-9D9B-2293-F0C7-ADDF90FA7699}.Debug|Any CPU.Build.0 = Debug|Any CPU
		{D4ED8653-9D9B-2293-F0C7-ADDF90FA7699}.Release|Any CPU.ActiveCfg = Release|Any CPU
		{D4ED8653-9D9B-2293-F0C7-ADDF90FA7699}.Release|Any CPU.Build.0 = Release|Any CPU
	EndGlobalSection
	GlobalSection(SolutionProperties) = preSolution
		HideSolutionNode = FALSE
	EndGlobalSection
EndGlobal
